
Microsoft Visual Studio Solution File, Format Version 12.00
# Visual Studio 14
VisualStudioVersion = 14.0.23107.0
MinimumVisualStudioVersion = 10.0.40219.1
Project("{FAE04EC0-301F-11D3-BF4B-00C04F79EFBC}") = "DhWeb", "DhWeb\DhWeb.csproj", "{9990D204-4864-4B9D-B7DF-69F6CCF0CCAE}"
EndProject
Project("{FAE04EC0-301F-11D3-BF4B-00C04F79EFBC}") = "DhWeb.Tests", "DhWeb.Tests\DhWeb.Tests.csproj", "{C2F7E573-92C2-4075-B342-1AB870E59E62}"
EndProject
Global
	GlobalSection(SolutionConfigurationPlatforms) = preSolution
		Debug|Any CPU = Debug|Any CPU
		Release|Any CPU = Release|Any CPU
	EndGlobalSection
	GlobalSection(ProjectConfigurationPlatforms) = postSolution
		{9990D204-4864-4B9D-B7DF-69F6CCF0CCAE}.Debug|Any CPU.ActiveCfg = Debug|Any CPU
		{9990D204-4864-4B9D-B7DF-69F6CCF0CCAE}.Debug|Any CPU.Build.0 = Debug|Any CPU
		{9990D204-4864-4B9D-B7DF-69F6CCF0CCAE}.Release|Any CPU.ActiveCfg = Release|Any CPU
		{9990D204-4864-4B9D-B7DF-69F6CCF0CCAE}.Release|Any CPU.Build.0 = Release|Any CPU
		{C2F7E573-92C2-4075-B342-1AB870E59E62}.Debug|Any CPU.ActiveCfg = Debug|Any CPU
		{C2F7E573-92C2-4075-B342-1AB870E59E62}.Debug|Any CPU.Build.0 = Debug|Any CPU
		{C2F7E573-92C2-4075-B342-1AB870E59E62}.Release|Any CPU.ActiveCfg = Release|Any CPU
		{C2F7E573-92C2-4075-B342-1AB870E59E62}.Release|Any CPU.Build.0 = Release|Any CPU
	EndGlobalSection
	GlobalSection(SolutionProperties) = preSolution
		HideSolutionNode = FALSE
	EndGlobalSection
EndGlobal
